# This file was autogenerated by Stack.
# You should not edit this file by hand.
# For more information, please see the documentation at:
#   https://docs.haskellstack.org/en/stable/lock_files

packages:
- completed:
    pantry-tree:
      sha256: 193c7034cb099244564f800306a741d77b4c64c0b192b10408adf83ad9060865
      size: 7779
    hackage: HTF-0.14.0.7@sha256:7d79edaafc0dfcaaf3c7db2ae42db34d4c67c23fbb2dfbd9b7967e310fd18167,7157
  original:
    hackage: HTF-0.14.0.7
snapshots:
- completed:
    sha256: 42b5030fc96fe064d61c662330df4d0369c0ab48648ca2a51705cf26b32550a0
    size: 572782
    url: https://raw.githubusercontent.com/commercialhaskell/stackage-snapshots/master/nightly/2022/5/5.yaml
  original: nightly-2022-05-05
